
Microsoft Visual Studio Solution File, Format Version 12.00
# Visual Studio Version 16
VisualStudioVersion = 16.0.29728.190
MinimumVisualStudioVersion = 10.0.40219.1
Project("{FAE04EC0-301F-11D3-BF4B-00C04F79EFBC}") = "LStore", "LStore\LStore.csproj", "{405A3F9F-D035-4AE1-BE51-1508E3109D2C}"
EndProject
Global
	GlobalSection(SolutionConfigurationPlatforms) = preSolution
		Debug|Any CPU = Debug|Any CPU
		Release|Any CPU = Release|Any CPU
	EndGlobalSection
	GlobalSection(ProjectConfigurationPlatforms) = postSolution
		{405A3F9F-D035-4AE1-BE51-1508E3109D2C}.Debug|Any CPU.ActiveCfg = Debug|Any CPU
		{405A3F9F-D035-4AE1-BE51-1508E3109D2C}.Debug|Any CPU.Build.0 = Debug|Any CPU
		{405A3F9F-D035-4AE1-BE51-1508E3109D2C}.Release|Any CPU.ActiveCfg = Release|Any CPU
		{405A3F9F-D035-4AE1-BE51-1508E3109D2C}.Release|Any CPU.Build.0 = Release|Any CPU
	EndGlobalSection
	GlobalSection(SolutionProperties) = preSolution
		HideSolutionNode = FALSE
	EndGlobalSection
	GlobalSection(ExtensibilityGlobals) = postSolution
		SolutionGuid = {34997E1E-6667-4963-AAF6-AD942CEBA3A1}
	EndGlobalSection
EndGlobal
